
Microsoft Visual Studio Solution File, Format Version 12.00
# Visual Studio Version 16
VisualStudioVersion = 16.0.31624.102
MinimumVisualStudioVersion = 10.0.40219.1
Project("{FAE04EC0-301F-11D3-BF4B-00C04F79EFBC}") = "QuanLyNhanSu", "QuanLyNhanSu\QuanLyNhanSu.csproj", "{D6E63360-3403-474D-95F7-1F7194D169B6}"
EndProject
Project("{FAE04EC0-301F-11D3-BF4B-00C04F79EFBC}") = "BUL", "BUL\BUL.csproj", "{DB9FF1E8-09A1-471B-9D6E-DA38EAEF01A9}"
EndProject
Project("{FAE04EC0-301F-11D3-BF4B-00C04F79EFBC}") = "DAL", "DAL\DAL.csproj", "{C617828A-E5AE-4B17-B0A3-B11749FDAA4D}"
EndProject
Project("{FAE04EC0-301F-11D3-BF4B-00C04F79EFBC}") = "DTO", "DTO\DTO.csproj", "{2686119B-8D3E-4EEF-B7BF-B43F31919895}"
EndProject
Global
	GlobalSection(SolutionConfigurationPlatforms) = preSolution
		Debug|Any CPU = Debug|Any CPU
		Release|Any CPU = Release|Any CPU
	EndGlobalSection
	GlobalSection(ProjectConfigurationPlatforms) = postSolution
		{D6E63360-3403-474D-95F7-1F7194D169B6}.Debug|Any CPU.ActiveCfg = Debug|Any CPU
		{D6E63360-3403-474D-95F7-1F7194D169B6}.Debug|Any CPU.Build.0 = Debug|Any CPU
		{D6E63360-3403-474D-95F7-1F7194D169B6}.Release|Any CPU.ActiveCfg = Release|Any CPU
		{D6E63360-3403-474D-95F7-1F7194D169B6}.Release|Any CPU.Build.0 = Release|Any CPU
		{DB9FF1E8-09A1-471B-9D6E-DA38EAEF01A9}.Debug|Any CPU.ActiveCfg = Debug|Any CPU
		{DB9FF1E8-09A1-471B-9D6E-DA38EAEF01A9}.Debug|Any CPU.Build.0 = Debug|Any CPU
		{DB9FF1E8-09A1-471B-9D6E-DA38EAEF01A9}.Release|Any CPU.ActiveCfg = Release|Any CPU
		{DB9FF1E8-09A1-471B-9D6E-DA38EAEF01A9}.Release|Any CPU.Build.0 = Release|Any CPU
		{C617828A-E5AE-4B17-B0A3-B11749FDAA4D}.Debug|Any CPU.ActiveCfg = Debug|Any CPU
		{C617828A-E5AE-4B17-B0A3-B11749FDAA4D}.Debug|Any CPU.Build.0 = Debug|Any CPU
		{C617828A-E5AE-4B17-B0A3-B11749FDAA4D}.Release|Any CPU.ActiveCfg = Release|Any CPU
		{C617828A-E5AE-4B17-B0A3-B11749FDAA4D}.Release|Any CPU.Build.0 = Release|Any CPU
		{2686119B-8D3E-4EEF-B7BF-B43F31919895}.Debug|Any CPU.ActiveCfg = Debug|Any CPU
		{2686119B-8D3E-4EEF-B7BF-B43F31919895}.Debug|Any CPU.Build.0 = Debug|Any CPU
		{2686119B-8D3E-4EEF-B7BF-B43F31919895}.Release|Any CPU.ActiveCfg = Release|Any CPU
		{2686119B-8D3E-4EEF-B7BF-B43F31919895}.Release|Any CPU.Build.0 = Release|Any CPU
	EndGlobalSection
	GlobalSection(SolutionProperties) = preSolution
		HideSolutionNode = FALSE
	EndGlobalSection
	GlobalSection(ExtensibilityGlobals) = postSolution
		SolutionGuid = {1C6EFD23-6FA3-4A9C-A524-47BF92D2B6BD}
	EndGlobalSection
EndGlobal
